
Microsoft Visual Studio Solution File, Format Version 12.00
# Visual Studio Version 17
VisualStudioVersion = 17.8.34330.188
MinimumVisualStudioVersion = 10.0.40219.1
Project("{FAE04EC0-301F-11D3-BF4B-00C04F79EFBC}") = "Test", "Test.csproj", "{76D08166-D544-4F9A-B858-DDF2E6445121}"
EndProject
Global
	GlobalSection(SolutionConfigurationPlatforms) = preSolution
		Debug|Any CPU = Debug|Any CPU
		Release|Any CPU = Release|Any CPU
	EndGlobalSection
	GlobalSection(ProjectConfigurationPlatforms) = postSolution
		{76D08166-D544-4F9A-B858-DDF2E6445121}.Debug|Any CPU.ActiveCfg = Debug|Any CPU
		{76D08166-D544-4F9A-B858-DDF2E6445121}.Debug|Any CPU.Build.0 = Debug|Any CPU
		{76D08166-D544-4F9A-B858-DDF2E6445121}.Release|Any CPU.ActiveCfg = Release|Any CPU
		{76D08166-D544-4F9A-B858-DDF2E6445121}.Release|Any CPU.Build.0 = Release|Any CPU
	EndGlobalSection
	GlobalSection(SolutionProperties) = preSolution
		HideSolutionNode = FALSE
	EndGlobalSection
	GlobalSection(ExtensibilityGlobals) = postSolution
		SolutionGuid = {97DA471C-E2FF-4639-B4AA-C4B6AA00B925}
	EndGlobalSection
EndGlobal
