
Microsoft Visual Studio Solution File, Format Version 12.00
# Visual Studio Version 17
VisualStudioVersion = 17.9.34622.214
MinimumVisualStudioVersion = 10.0.40219.1
Project("{FAE04EC0-301F-11D3-BF4B-00C04F79EFBC}") = "ConsoleApp1", "ConsoleApp1.csproj", "{BD11CBC6-3210-4D42-BD5F-D35ED7C38C65}"
EndProject
Global
	GlobalSection(SolutionConfigurationPlatforms) = preSolution
		Debug|Any CPU = Debug|Any CPU
		Release|Any CPU = Release|Any CPU
	EndGlobalSection
	GlobalSection(ProjectConfigurationPlatforms) = postSolution
		{BD11CBC6-3210-4D42-BD5F-D35ED7C38C65}.Debug|Any CPU.ActiveCfg = Debug|Any CPU
		{BD11CBC6-3210-4D42-BD5F-D35ED7C38C65}.Debug|Any CPU.Build.0 = Debug|Any CPU
		{BD11CBC6-3210-4D42-BD5F-D35ED7C38C65}.Release|Any CPU.ActiveCfg = Release|Any CPU
		{BD11CBC6-3210-4D42-BD5F-D35ED7C38C65}.Release|Any CPU.Build.0 = Release|Any CPU
	EndGlobalSection
	GlobalSection(SolutionProperties) = preSolution
		HideSolutionNode = FALSE
	EndGlobalSection
	GlobalSection(ExtensibilityGlobals) = postSolution
		SolutionGuid = {3FD5E119-70F5-4340-8193-01A840A00AF6}
	EndGlobalSection
EndGlobal
