
Microsoft Visual Studio Solution File, Format Version 12.00
# Visual Studio Version 17
VisualStudioVersion = 17.9.34728.123
MinimumVisualStudioVersion = 10.0.40219.1
Project("{9A19103F-16F7-4668-BE54-9A1E7A4F7556}") = "sex", "sex.csproj", "{ED492031-D84A-4726-BF91-EC1E7E5EA0F4}"
EndProject
Global
	GlobalSection(SolutionConfigurationPlatforms) = preSolution
		Debug|Any CPU = Debug|Any CPU
		Release|Any CPU = Release|Any CPU
	EndGlobalSection
	GlobalSection(ProjectConfigurationPlatforms) = postSolution
		{ED492031-D84A-4726-BF91-EC1E7E5EA0F4}.Debug|Any CPU.ActiveCfg = Debug|Any CPU
		{ED492031-D84A-4726-BF91-EC1E7E5EA0F4}.Debug|Any CPU.Build.0 = Debug|Any CPU
		{ED492031-D84A-4726-BF91-EC1E7E5EA0F4}.Release|Any CPU.ActiveCfg = Release|Any CPU
		{ED492031-D84A-4726-BF91-EC1E7E5EA0F4}.Release|Any CPU.Build.0 = Release|Any CPU
	EndGlobalSection
	GlobalSection(SolutionProperties) = preSolution
		HideSolutionNode = FALSE
	EndGlobalSection
	GlobalSection(ExtensibilityGlobals) = postSolution
		SolutionGuid = {58CAB266-2914-4F5C-895F-3181817BEF5D}
	EndGlobalSection
EndGlobal
